
Microsoft Visual Studio Solution File, Format Version 12.00
# Visual Studio Version 17
VisualStudioVersion = 17.8.34525.116
MinimumVisualStudioVersion = 10.0.40219.1
Project("{FAE04EC0-301F-11D3-BF4B-00C04F79EFBC}") = "smartAdmin", "smartAdmin\smartAdmin.csproj", "{A6CDDCDE-CCA0-4CAE-950F-7D0F0D85847B}"
EndProject
Global
	GlobalSection(SolutionConfigurationPlatforms) = preSolution
		Debug|Any CPU = Debug|Any CPU
		Release|Any CPU = Release|Any CPU
	EndGlobalSection
	GlobalSection(ProjectConfigurationPlatforms) = postSolution
		{A6CDDCDE-CCA0-4CAE-950F-7D0F0D85847B}.Debug|Any CPU.ActiveCfg = Debug|Any CPU
		{A6CDDCDE-CCA0-4CAE-950F-7D0F0D85847B}.Debug|Any CPU.Build.0 = Debug|Any CPU
		{A6CDDCDE-CCA0-4CAE-950F-7D0F0D85847B}.Release|Any CPU.ActiveCfg = Release|Any CPU
		{A6CDDCDE-CCA0-4CAE-950F-7D0F0D85847B}.Release|Any CPU.Build.0 = Release|Any CPU
	EndGlobalSection
	GlobalSection(SolutionProperties) = preSolution
		HideSolutionNode = FALSE
	EndGlobalSection
	GlobalSection(ExtensibilityGlobals) = postSolution
		SolutionGuid = {2A0F0258-7D36-4F83-AD6E-CDCF5357DC37}
	EndGlobalSection
EndGlobal
